
Microsoft Visual Studio Solution File, Format Version 12.00
# Visual Studio Version 17
VisualStudioVersion = 17.6.33829.357
MinimumVisualStudioVersion = 10.0.40219.1
Project("{FAE04EC0-301F-11D3-BF4B-00C04F79EFBC}") = "PEG_test1", "PEG_test1\PEG_test1.csproj", "{D285695A-4919-43A9-B30F-477C206E70BD}"
EndProject
Global
	GlobalSection(SolutionConfigurationPlatforms) = preSolution
		Debug|Any CPU = Debug|Any CPU
		Debug|x64 = Debug|x64
		Release|Any CPU = Release|Any CPU
		Release|x64 = Release|x64
	EndGlobalSection
	GlobalSection(ProjectConfigurationPlatforms) = postSolution
		{D285695A-4919-43A9-B30F-477C206E70BD}.Debug|Any CPU.ActiveCfg = Debug|Any CPU
		{D285695A-4919-43A9-B30F-477C206E70BD}.Debug|Any CPU.Build.0 = Debug|Any CPU
		{D285695A-4919-43A9-B30F-477C206E70BD}.Debug|x64.ActiveCfg = Debug|x64
		{D285695A-4919-43A9-B30F-477C206E70BD}.Debug|x64.Build.0 = Debug|x64
		{D285695A-4919-43A9-B30F-477C206E70BD}.Release|Any CPU.ActiveCfg = Release|Any CPU
		{D285695A-4919-43A9-B30F-477C206E70BD}.Release|Any CPU.Build.0 = Release|Any CPU
		{D285695A-4919-43A9-B30F-477C206E70BD}.Release|x64.ActiveCfg = Release|x64
		{D285695A-4919-43A9-B30F-477C206E70BD}.Release|x64.Build.0 = Release|x64
	EndGlobalSection
	GlobalSection(SolutionProperties) = preSolution
		HideSolutionNode = FALSE
	EndGlobalSection
	GlobalSection(ExtensibilityGlobals) = postSolution
		SolutionGuid = {CFE24F3B-3BE1-4037-8360-F041F3F23BCE}
	EndGlobalSection
EndGlobal
